
Microsoft Visual Studio Solution File, Format Version 12.00
# Visual Studio Version 17
VisualStudioVersion = 17.0.32112.339
MinimumVisualStudioVersion = 10.0.40219.1
Project("{FAE04EC0-301F-11D3-BF4B-00C04F79EFBC}") = "BookStoreApp1.API", "BookStoreApp1.API\BookStoreApp1.API.csproj", "{A1A62330-6AFE-4AE6-A46F-BE3D32B758FB}"
EndProject
Global
	GlobalSection(SolutionConfigurationPlatforms) = preSolution
		Debug|Any CPU = Debug|Any CPU
		Release|Any CPU = Release|Any CPU
	EndGlobalSection
	GlobalSection(ProjectConfigurationPlatforms) = postSolution
		{A1A62330-6AFE-4AE6-A46F-BE3D32B758FB}.Debug|Any CPU.ActiveCfg = Debug|Any CPU
		{A1A62330-6AFE-4AE6-A46F-BE3D32B758FB}.Debug|Any CPU.Build.0 = Debug|Any CPU
		{A1A62330-6AFE-4AE6-A46F-BE3D32B758FB}.Release|Any CPU.ActiveCfg = Release|Any CPU
		{A1A62330-6AFE-4AE6-A46F-BE3D32B758FB}.Release|Any CPU.Build.0 = Release|Any CPU
	EndGlobalSection
	GlobalSection(SolutionProperties) = preSolution
		HideSolutionNode = FALSE
	EndGlobalSection
	GlobalSection(ExtensibilityGlobals) = postSolution
		SolutionGuid = {84FBDE02-0B6B-4E76-9479-3504D4E09B11}
	EndGlobalSection
EndGlobal
